github.com/kernelplex/evercore_go/evercore v0.0.0-20241025151811-c843ae74d956 h1:EtvWaSsRpyADZc5aCJ7KeRszBxDFalsIqCt9dxkjgpY=
github.com/kernelplex/evercore_go/evercore v0.0.0-20241025151811-c843ae74d956/go.mod h1:DWfa9Qjweu36c5zTXwiX/6AxlO6kXu0TVmoqB6Wa6jc=
github.com/ymiseddy/evercore_go v0.0.0-20241021213817-c105241fa7c9 h1:NEuIQJpnqF7lWYgJ0mPGeajMIMm/7VaW12tNQTSfCyw=
github.com/ymiseddy/evercore_go v0.0.0-20241021213817-c105241fa7c9/go.mod h1:FZ5iy8M5qDrJrVWjJ5vvmEkNtoGhgG8VPhhFGZF+EQo=
