github.com/kernelplex/evercore_go/evercore v0.0.0-20250205050757-6501af374194 h1:28irUVC7SmwChI7jkrmdsnD0D1L0SkaacgjwQ5HRr94=
github.com/kernelplex/evercore_go/evercore v0.0.0-20250205050757-6501af374194/go.mod h1:DWfa9Qjweu36c5zTXwiX/6AxlO6kXu0TVmoqB6Wa6jc=
github.com/kernelplex/evercore_go/evercoreenginetests v0.0.0-20250205050757-6501af374194 h1:crvSnGvDJniYwZWR7Kb5bwytm07yDqo0k9ixzfBpsx8=
github.com/kernelplex/evercore_go/evercoreenginetests v0.0.0-20250205050757-6501af374194/go.mod h1:POZtJ++Gh19rG1XPbZqWWdONwua3diNmQqK9LUpkJGw=
