github.com/kernelplex/evercore_go/evercore v0.0.0-20250205042619-4161f953eb56 h1:UiHrEaw3YwThc8G23WwODv1T7ViOMNJTQ2t9vhkDUAQ=
github.com/kernelplex/evercore_go/evercore v0.0.0-20250205042619-4161f953eb56/go.mod h1:DWfa9Qjweu36c5zTXwiX/6AxlO6kXu0TVmoqB6Wa6jc=
github.com/kernelplex/evercore_go/evercoreenginetests v0.0.0-20250205042619-4161f953eb56 h1:mElY4EdwWp5XQcKZkymAqVndCfuvpkUfPF8WI7K2IaM=
github.com/kernelplex/evercore_go/evercoreenginetests v0.0.0-20250205042619-4161f953eb56/go.mod h1:FOn4KiLSGKQ+YyCamXFSFiNHna248fZ4mLcG2jDoBys=
