github.com/kernelplex/evercore_go/enginetests v0.0.0-20241025152004-7bc575dd2bec h1:VP0mwRYfsldIWbGv/hA7fqq7mRmIzbVbVqBdsgaeupk=
github.com/kernelplex/evercore_go/enginetests v0.0.0-20241025152004-7bc575dd2bec/go.mod h1:xE7/wVvIuGokBaSZ8fuvk5GDcWKmmFpLI4ZVu8S4TBM=
github.com/kernelplex/evercore_go/evercore v0.0.0-20241025155255-3b363901f542 h1:eiRoBZpsxpF9H2UTvJAi5cowv9TLwzDY1KkIhYxo97U=
github.com/kernelplex/evercore_go/evercore v0.0.0-20241025155255-3b363901f542/go.mod h1:6l5/Yz5jXqybWS5AsimgFY3CXaLRTT7Bmsr487Nb83A=
